
Microsoft Visual Studio Solution File, Format Version 12.00
# Visual Studio Version 17
VisualStudioVersion = 17.13.35931.197 d17.13
MinimumVisualStudioVersion = 10.0.40219.1
Project("{FAE04EC0-301F-11D3-BF4B-00C04F79EFBC}") = "FastCharting", "FastCharting\FastCharting.csproj", "{470763DF-8381-4E00-B2AA-A48314C4CEB2}"
EndProject
Project("{FAE04EC0-301F-11D3-BF4B-00C04F79EFBC}") = "FastChartingCore", "FastChartingCore\FastChartingCore.csproj", "{9E5A4A76-36A2-40AB-8E8B-A35D589A8CAD}"
EndProject
Global
	GlobalSection(SolutionConfigurationPlatforms) = preSolution
		Debug|Any CPU = Debug|Any CPU
		Release|Any CPU = Release|Any CPU
	EndGlobalSection
	GlobalSection(ProjectConfigurationPlatforms) = postSolution
		{470763DF-8381-4E00-B2AA-A48314C4CEB2}.Debug|Any CPU.ActiveCfg = Debug|Any CPU
		{470763DF-8381-4E00-B2AA-A48314C4CEB2}.Debug|Any CPU.Build.0 = Debug|Any CPU
		{470763DF-8381-4E00-B2AA-A48314C4CEB2}.Release|Any CPU.ActiveCfg = Release|Any CPU
		{470763DF-8381-4E00-B2AA-A48314C4CEB2}.Release|Any CPU.Build.0 = Release|Any CPU
		{9E5A4A76-36A2-40AB-8E8B-A35D589A8CAD}.Debug|Any CPU.ActiveCfg = Debug|Any CPU
		{9E5A4A76-36A2-40AB-8E8B-A35D589A8CAD}.Debug|Any CPU.Build.0 = Debug|Any CPU
		{9E5A4A76-36A2-40AB-8E8B-A35D589A8CAD}.Release|Any CPU.ActiveCfg = Release|Any CPU
		{9E5A4A76-36A2-40AB-8E8B-A35D589A8CAD}.Release|Any CPU.Build.0 = Release|Any CPU
	EndGlobalSection
	GlobalSection(SolutionProperties) = preSolution
		HideSolutionNode = FALSE
	EndGlobalSection
	GlobalSection(ExtensibilityGlobals) = postSolution
		SolutionGuid = {EA2BB160-1046-4ACA-90B6-CEAC8F83A5AA}
	EndGlobalSection
EndGlobal
